{
  "nodes": {
    "bash-lib": {
      "inputs": {
        "flake-utils": "flake-utils",
        "nixpkgs": [
          "nixpkgs"
        ]
      },
      "locked": {
        "lastModified": 1636462353,
        "narHash": "sha256-ZcFsEcX1jHyzRz1N5d6ahA+Ud1EyFXSgZsS9wDhCYPA=",
        "owner": "minijackson",
        "repo": "bash-lib",
        "rev": "a7e41570dad064503e71de86bc0b9d145bfb32ac",
        "type": "github"
      },
      "original": {
        "owner": "minijackson",
        "repo": "bash-lib",
        "type": "github"
      }
    },
    "flake-utils": {
      "locked": {
        "lastModified": 1634851050,
        "narHash": "sha256-N83GlSGPJJdcqhUxSCS/WwW5pksYf3VP1M13cDRTSVA=",
        "owner": "numtide",
        "repo": "flake-utils",
        "rev": "c91f3de5adaf1de973b797ef7485e441a65b8935",
        "type": "github"
      },
      "original": {
        "owner": "numtide",
        "repo": "flake-utils",
        "type": "github"
      }
    },
    "flake-utils_2": {
      "locked": {
        "lastModified": 1644229661,
        "narHash": "sha256-1YdnJAsNy69bpcjuoKdOYQX0YxZBiCYZo4Twxerqv7k=",
        "owner": "numtide",
        "repo": "flake-utils",
        "rev": "3cecb5b042f7f209c56ffd8371b2711a290ec797",
        "type": "github"
      },
      "original": {
        "owner": "numtide",
        "repo": "flake-utils",
        "type": "github"
      }
    },
    "nix-module-doc": {
      "inputs": {
        "nixpkgs": [
          "nixpkgs"
        ]
      },
      "locked": {
        "lastModified": 1644503771,
        "narHash": "sha256-gSA97s6162K47G3vnt1JCCRAycrf9HyU8Iq+HrEm63E=",
        "ref": "master",
        "rev": "27e0a89d85a647a706fc70986e3ece91e33a7cbb",
        "revCount": 5,
        "type": "git",
        "url": "ssh://git@drf-gitlab.cea.fr/rnicole/nix-module-doc.git"
      },
      "original": {
        "type": "git",
        "url": "ssh://git@drf-gitlab.cea.fr/rnicole/nix-module-doc.git"
      }
    },
    "nixpkgs": {
      "locked": {
        "lastModified": 1644193793,
        "narHash": "sha256-ggCI5LCXwkUJQwjpkr9qDFbQMiK3JvAfeNR4Uy0ny5Q=",
        "owner": "NixOS",
        "repo": "nixpkgs",
        "rev": "521e4d7d13b09bc0a21976b9d19abd197d4e3b1e",
        "type": "github"
      },
      "original": {
        "owner": "NixOS",
        "ref": "nixos-21.11",
        "repo": "nixpkgs",
        "type": "github"
      }
    },
    "root": {
      "inputs": {
        "bash-lib": "bash-lib",
        "flake-utils": "flake-utils_2",
        "nix-module-doc": "nix-module-doc",
        "nixpkgs": "nixpkgs"
      }
    }
  },
  "root": "root",
  "version": 7
}
