{
  "nodes": {
    "bash-lib": {
      "inputs": {
        "flake-utils": "flake-utils",
        "nixpkgs": [
          "nixpkgs"
        ]
      },
      "locked": {
        "lastModified": 1636462353,
        "narHash": "sha256-ZcFsEcX1jHyzRz1N5d6ahA+Ud1EyFXSgZsS9wDhCYPA=",
        "owner": "minijackson",
        "repo": "bash-lib",
        "rev": "a7e41570dad064503e71de86bc0b9d145bfb32ac",
        "type": "github"
      },
      "original": {
        "owner": "minijackson",
        "repo": "bash-lib",
        "type": "github"
      }
    },
    "flake-utils": {
      "locked": {
        "lastModified": 1634851050,
        "narHash": "sha256-N83GlSGPJJdcqhUxSCS/WwW5pksYf3VP1M13cDRTSVA=",
        "owner": "numtide",
        "repo": "flake-utils",
        "rev": "c91f3de5adaf1de973b797ef7485e441a65b8935",
        "type": "github"
      },
      "original": {
        "owner": "numtide",
        "repo": "flake-utils",
        "type": "github"
      }
    },
    "flake-utils_2": {
      "inputs": {
        "systems": "systems"
      },
      "locked": {
        "lastModified": 1731533236,
        "narHash": "sha256-l0KFg5HjrsfsO/JpG+r7fRrqm12kzFHyUHqHCVpMMbI=",
        "owner": "numtide",
        "repo": "flake-utils",
        "rev": "11707dc2f618dd54ca8739b309ec4fc024de578b",
        "type": "github"
      },
      "original": {
        "owner": "numtide",
        "repo": "flake-utils",
        "type": "github"
      }
    },
    "nix-github-actions": {
      "inputs": {
        "nixpkgs": [
          "nixpkgs"
        ]
      },
      "locked": {
        "lastModified": 1737420293,
        "narHash": "sha256-F1G5ifvqTpJq7fdkT34e/Jy9VCyzd5XfJ9TO8fHhJWE=",
        "owner": "nix-community",
        "repo": "nix-github-actions",
        "rev": "f4158fa080ef4503c8f4c820967d946c2af31ec9",
        "type": "github"
      },
      "original": {
        "owner": "nix-community",
        "repo": "nix-github-actions",
        "type": "github"
      }
    },
    "nixpkgs": {
      "locked": {
        "lastModified": 1765363881,
        "narHash": "sha256-3C3xWn8/2Zzr7sxVBmpc1H1QfxjNfta5IMFe3O9ZEPw=",
        "owner": "NixOS",
        "repo": "nixpkgs",
        "rev": "d2b1213bf5ec5e62d96b003ab4b5cbc42abfc0d0",
        "type": "github"
      },
      "original": {
        "owner": "NixOS",
        "ref": "nixos-25.05",
        "repo": "nixpkgs",
        "type": "github"
      }
    },
    "pyproject-nix": {
      "inputs": {
        "nixpkgs": [
          "sphinxcontrib-nixdomain",
          "nixpkgs"
        ]
      },
      "locked": {
        "lastModified": 1746540146,
        "narHash": "sha256-QxdHGNpbicIrw5t6U3x+ZxeY/7IEJ6lYbvsjXmcxFIM=",
        "owner": "nix-community",
        "repo": "pyproject.nix",
        "rev": "e09c10c24ebb955125fda449939bfba664c467fd",
        "type": "github"
      },
      "original": {
        "owner": "nix-community",
        "repo": "pyproject.nix",
        "type": "github"
      }
    },
    "pyproject-nix_2": {
      "inputs": {
        "nixpkgs": [
          "sphinxcontrib-typstbuilder",
          "nixpkgs"
        ]
      },
      "locked": {
        "lastModified": 1740921768,
        "narHash": "sha256-4d27TdYoJ8B99b4kU7qESB4QVjiV9gPSuP2/MDqjDWo=",
        "owner": "nix-community",
        "repo": "pyproject.nix",
        "rev": "ca5d23f044943a23cc4274b2d3dea45682dc025f",
        "type": "github"
      },
      "original": {
        "owner": "nix-community",
        "repo": "pyproject.nix",
        "type": "github"
      }
    },
    "root": {
      "inputs": {
        "bash-lib": "bash-lib",
        "flake-utils": "flake-utils_2",
        "nix-github-actions": "nix-github-actions",
        "nixpkgs": "nixpkgs",
        "sphinxcontrib-nixdomain": "sphinxcontrib-nixdomain",
        "sphinxcontrib-typstbuilder": "sphinxcontrib-typstbuilder"
      }
    },
    "sphinxcontrib-nixdomain": {
      "inputs": {
        "nixpkgs": [
          "nixpkgs"
        ],
        "pyproject-nix": "pyproject-nix"
      },
      "locked": {
        "lastModified": 1759166098,
        "narHash": "sha256-bvZK93aBBXbzXQrDgYMYkRXHBYSbWxY8gsbT5wxCaMw=",
        "owner": "minijackson",
        "repo": "sphinxcontrib-nixdomain",
        "rev": "925e8bb6edaf206efe6643eeec55ea7e840b9605",
        "type": "github"
      },
      "original": {
        "owner": "minijackson",
        "repo": "sphinxcontrib-nixdomain",
        "type": "github"
      }
    },
    "sphinxcontrib-typstbuilder": {
      "inputs": {
        "nixpkgs": [
          "nixpkgs"
        ],
        "pyproject-nix": "pyproject-nix_2"
      },
      "locked": {
        "lastModified": 1756368497,
        "narHash": "sha256-e0+cAzihvKqncYe9FF9tBEEtvFACsukKAVZTb+q50pI=",
        "owner": "minijackson",
        "repo": "sphinxcontrib-typstbuilder",
        "rev": "c5cbb740a5e0f319cd535ab3c61e00ef00301717",
        "type": "github"
      },
      "original": {
        "owner": "minijackson",
        "repo": "sphinxcontrib-typstbuilder",
        "type": "github"
      }
    },
    "systems": {
      "locked": {
        "lastModified": 1681028828,
        "narHash": "sha256-Vy1rq5AaRuLzOxct8nz4T6wlgyUR7zLU309k9mBC768=",
        "owner": "nix-systems",
        "repo": "default",
        "rev": "da67096a3b9bf56a91d16901293e51ba5b49a27e",
        "type": "github"
      },
      "original": {
        "owner": "nix-systems",
        "repo": "default",
        "type": "github"
      }
    }
  },
  "root": "root",
  "version": 7
}
