name: Update flake.lock
on:
  workflow_dispatch: # allows manual triggering
  schedule:
    - cron: '0 0 * * 0' # runs weekly on Sunday at 00:00

# WARNING:
# When extending this action, be aware that $GITHUB_TOKEN allows write access to
# the GitHub repository. This means that it should not evaluate user input in a
# way that allows code injection.

permissions:
  contents: read

jobs:
  nix-matrix:
    if: "github.repository_owner == 'epics-extensions'"
    runs-on: ubuntu-latest
    outputs:
      matrix: ${{ steps.set-matrix.outputs.matrix }}
    steps:
      - uses: actions/checkout@08c6903cd8c0fde910a37f88322edcfb5dd907a8 # v5.0.0
        with:
          persist-credentials: false
      - uses: nixbuild/nix-quick-install-action@2c9db80fb984ceb1bcaa77cdda3fdf8cfba92035 # v34
      - id: set-matrix
        run: |
          set -Eeu
          matrix="$(nix eval --json '.#lib.ci.update-flake-lock-matrix')"
          echo "matrix=$matrix" >> "$GITHUB_OUTPUT"

  lockfile:
    if: "github.repository_owner == 'epics-extensions'"
    name: update-flake-lock (${{ matrix.branch }})
    needs: nix-matrix
    strategy:
      matrix: ${{fromJSON(needs.nix-matrix.outputs.matrix)}}
    permissions:
      contents: write # to create branch
      pull-requests: write # to create PR to backport
    runs-on: ubuntu-latest
    steps:
      - uses: actions/checkout@08c6903cd8c0fde910a37f88322edcfb5dd907a8 # v5.0.0
        with:
          ref: ${{ matrix.branch }}
          persist-credentials: false
      - uses: nixbuild/nix-quick-install-action@2c9db80fb984ceb1bcaa77cdda3fdf8cfba92035 # v34
      - uses: DeterminateSystems/update-flake-lock@c5930b397a673a70ca70be06020e943aeac310a1 # v27
        with:
          branch: "update-flake-lock/${{ matrix.branch }}"
          pr-title: "[${{ matrix.branch }}] Update flake.lock"
          pr-labels: |
            dependencies
